Microsoft Visual Studio Solution File, Format Version 12.00
# Visual Studio Version 17
VisualStudioVersion = 17.5.2.0
MinimumVisualStudioVersion = 10.0.40219.1
Project("{FAE04EC0-301F-11D3-BF4B-00C04F79EFBC}") = "learn-cs2", "learn-cs2\learn-cs2.csproj", "{65189C76-19BB-B6A0-192C-7377D7AC7061}"
EndProject
Project("{FAE04EC0-301F-11D3-BF4B-00C04F79EFBC}") = "learn-cs", "learn-cs\learn-cs.csproj", "{CE46CC41-B41B-7C03-45C0-8C4E3C351707}"
EndProject
Project("{FAE04EC0-301F-11D3-BF4B-00C04F79EFBC}") = "learn-cs3", "learn-cs3\learn-cs3.csproj", "{6BD0D022-708A-8944-1F4B-E5C1D218BCDA}"
EndProject
Global
	GlobalSection(SolutionConfigurationPlatforms) = preSolution
		Debug|Any CPU = Debug|Any CPU
		Release|Any CPU = Release|Any CPU
	EndGlobalSection
	GlobalSection(ProjectConfigurationPlatforms) = postSolution
		{65189C76-19BB-B6A0-192C-7377D7AC7061}.Debug|Any CPU.ActiveCfg = Debug|Any CPU
		{65189C76-19BB-B6A0-192C-7377D7AC7061}.Debug|Any CPU.Build.0 = Debug|Any CPU
		{65189C76-19BB-B6A0-192C-7377D7AC7061}.Release|Any CPU.ActiveCfg = Release|Any CPU
		{65189C76-19BB-B6A0-192C-7377D7AC7061}.Release|Any CPU.Build.0 = Release|Any CPU
		{CE46CC41-B41B-7C03-45C0-8C4E3C351707}.Debug|Any CPU.ActiveCfg = Debug|Any CPU
		{CE46CC41-B41B-7C03-45C0-8C4E3C351707}.Debug|Any CPU.Build.0 = Debug|Any CPU
		{CE46CC41-B41B-7C03-45C0-8C4E3C351707}.Release|Any CPU.ActiveCfg = Release|Any CPU
		{CE46CC41-B41B-7C03-45C0-8C4E3C351707}.Release|Any CPU.Build.0 = Release|Any CPU
		{6BD0D022-708A-8944-1F4B-E5C1D218BCDA}.Debug|Any CPU.ActiveCfg = Debug|Any CPU
		{6BD0D022-708A-8944-1F4B-E5C1D218BCDA}.Debug|Any CPU.Build.0 = Debug|Any CPU
		{6BD0D022-708A-8944-1F4B-E5C1D218BCDA}.Release|Any CPU.ActiveCfg = Release|Any CPU
		{6BD0D022-708A-8944-1F4B-E5C1D218BCDA}.Release|Any CPU.Build.0 = Release|Any CPU
	EndGlobalSection
	GlobalSection(SolutionProperties) = preSolution
		HideSolutionNode = FALSE
	EndGlobalSection
	GlobalSection(ExtensibilityGlobals) = postSolution
		SolutionGuid = {6D827FBA-BB58-491D-BD9E-0E25F08155CD}
	EndGlobalSection
EndGlobal
